
Microsoft Visual Studio Solution File, Format Version 12.00
# Visual Studio Version 17
VisualStudioVersion = 17.1.32421.90
MinimumVisualStudioVersion = 10.0.40219.1
Project("{FAE04EC0-301F-11D3-BF4B-00C04F79EFBC}") = "KingPeanut", "KingPeanut.csproj", "{0F5AA68E-1F30-4D6F-8869-D246C0836A90}"
EndProject
Global
	GlobalSection(SolutionConfigurationPlatforms) = preSolution
		Debug|Any CPU = Debug|Any CPU
		Release|Any CPU = Release|Any CPU
	EndGlobalSection
	GlobalSection(ProjectConfigurationPlatforms) = postSolution
		{0F5AA68E-1F30-4D6F-8869-D246C0836A90}.Debug|Any CPU.ActiveCfg = Debug|Any CPU
		{0F5AA68E-1F30-4D6F-8869-D246C0836A90}.Debug|Any CPU.Build.0 = Debug|Any CPU
		{0F5AA68E-1F30-4D6F-8869-D246C0836A90}.Release|Any CPU.ActiveCfg = Release|Any CPU
		{0F5AA68E-1F30-4D6F-8869-D246C0836A90}.Release|Any CPU.Build.0 = Release|Any CPU
	EndGlobalSection
	GlobalSection(SolutionProperties) = preSolution
		HideSolutionNode = FALSE
	EndGlobalSection
	GlobalSection(ExtensibilityGlobals) = postSolution
		SolutionGuid = {FEC6110A-D714-45EF-8FF3-F5A843910124}
	EndGlobalSection
EndGlobal
